// !$*UTF8*$!
{
	archiveVersion = 1;
	classes = {
	};
	objectVersion = 56;
	objects = {

/* Begin PBXBuildFile section */
		4209BAAB293B7A39003943AE /* DetailsViewModel.swift in Sources */ = {isa = PBXBuildFile; fileRef = 4209BAAA293B7A39003943AE /* DetailsViewModel.swift */; };
		42CC6B37293A8066007F2DEB /* UIViewController+Extensions.swift in Sources */ = {isa = PBXBuildFile; fileRef = 42CC6B36293A8066007F2DEB /* UIViewController+Extensions.swift */; };
		42CC6B3A293A8677007F2DEB /* AvailableCurrencies.swift in Sources */ = {isa = PBXBuildFile; fileRef = 42CC6B39293A8677007F2DEB /* AvailableCurrencies.swift */; };
		42CC6B3E293A8777007F2DEB /* DetailsViewController.swift in Sources */ = {isa = PBXBuildFile; fileRef = 42CC6B3D293A8777007F2DEB /* DetailsViewController.swift */; };
		42CC6B41293A8B28007F2DEB /* ConversionHistory.swift in Sources */ = {isa = PBXBuildFile; fileRef = 42CC6B40293A8B28007F2DEB /* ConversionHistory.swift */; };
		42CC6B43293AEEDD007F2DEB /* Double+Extensions.swift in Sources */ = {isa = PBXBuildFile; fileRef = 42CC6B42293AEEDD007F2DEB /* Double+Extensions.swift */; };
		42CC6B45293B0838007F2DEB /* CurrencyRate.swift in Sources */ = {isa = PBXBuildFile; fileRef = 42CC6B44293B0838007F2DEB /* CurrencyRate.swift */; };
		42CC6B4A293B7731007F2DEB /* ConversionHistoryTableViewCell.swift in Sources */ = {isa = PBXBuildFile; fileRef = 42CC6B49293B7731007F2DEB /* ConversionHistoryTableViewCell.swift */; };
		42E1DC9F293CC49F00A89D4E /* Date+Extensions.swift in Sources */ = {isa = PBXBuildFile; fileRef = 42E1DC9E293CC49F00A89D4E /* Date+Extensions.swift */; };
		42E1DCA2293CCF7B00A89D4E /* RxCocoa in Frameworks */ = {isa = PBXBuildFile; productRef = 42E1DCA1293CCF7B00A89D4E /* RxCocoa */; };
		42E1DCA4293CCF7B00A89D4E /* RxSwift in Frameworks */ = {isa = PBXBuildFile; productRef = 42E1DCA3293CCF7B00A89D4E /* RxSwift */; };
		42E1DCA7293CD0E100A89D4E /* RxDataSources in Frameworks */ = {isa = PBXBuildFile; productRef = 42E1DCA6293CD0E100A89D4E /* RxDataSources */; };
		42E1DCAA293D060200A89D4E /* Graphs.swift in Sources */ = {isa = PBXBuildFile; fileRef = 42E1DCA9293D060200A89D4E /* Graphs.swift */; };
		42E1DCAE293D06AE00A89D4E /* GraphModels.swift in Sources */ = {isa = PBXBuildFile; fileRef = 42E1DCAD293D06AE00A89D4E /* GraphModels.swift */; };
		42E1DCB0293D07E400A89D4E /* FixerAPINetworkable.swift in Sources */ = {isa = PBXBuildFile; fileRef = 42E1DCAF293D07E400A89D4E /* FixerAPINetworkable.swift */; };
		42EFEDA0293A147700D582D8 /* AppDelegate.swift in Sources */ = {isa = PBXBuildFile; fileRef = 42EFED9F293A147700D582D8 /* AppDelegate.swift */; };
		42EFEDA2293A147700D582D8 /* SceneDelegate.swift in Sources */ = {isa = PBXBuildFile; fileRef = 42EFEDA1293A147700D582D8 /* SceneDelegate.swift */; };
		42EFEDA4293A147700D582D8 /* HomePageViewController.swift in Sources */ = {isa = PBXBuildFile; fileRef = 42EFEDA3293A147700D582D8 /* HomePageViewController.swift */; };
		42EFEDA7293A147700D582D8 /* Main.storyboard in Resources */ = {isa = PBXBuildFile; fileRef = 42EFEDA5293A147700D582D8 /* Main.storyboard */; };
		42EFEDA9293A147800D582D8 /* Assets.xcassets in Resources */ = {isa = PBXBuildFile; fileRef = 42EFEDA8293A147800D582D8 /* Assets.xcassets */; };
		42EFEDAC293A147800D582D8 /* LaunchScreen.storyboard in Resources */ = {isa = PBXBuildFile; fileRef = 42EFEDAA293A147800D582D8 /* LaunchScreen.storyboard */; };
		42EFEDB5293A168600D582D8 /* HomePageViewModel.swift in Sources */ = {isa = PBXBuildFile; fileRef = 42EFEDB4293A168600D582D8 /* HomePageViewModel.swift */; };
		42EFEDBB293A1F3A00D582D8 /* NetworkMonitor.swift in Sources */ = {isa = PBXBuildFile; fileRef = 42EFEDBA293A1F3A00D582D8 /* NetworkMonitor.swift */; };
		42EFEDBD293A2D4A00D582D8 /* NetworkFetcher.swift in Sources */ = {isa = PBXBuildFile; fileRef = 42EFEDBC293A2D4A00D582D8 /* NetworkFetcher.swift */; };
		42EFEDC6293A743E00D582D8 /* CacheManager.swift in Sources */ = {isa = PBXBuildFile; fileRef = 42EFEDC5293A743E00D582D8 /* CacheManager.swift */; };
/* End PBXBuildFile section */

/* Begin PBXFileReference section */
		4209BAAA293B7A39003943AE /* DetailsViewModel.swift */ = {isa = PBXFileReference; lastKnownFileType = sourcecode.swift; path = DetailsViewModel.swift; sourceTree = "<group>"; };
		42CC6B36293A8066007F2DEB /* UIViewController+Extensions.swift */ = {isa = PBXFileReference; lastKnownFileType = sourcecode.swift; path = "UIViewController+Extensions.swift"; sourceTree = "<group>"; };
		42CC6B39293A8677007F2DEB /* AvailableCurrencies.swift */ = {isa = PBXFileReference; lastKnownFileType = sourcecode.swift; path = AvailableCurrencies.swift; sourceTree = "<group>"; };
		42CC6B3D293A8777007F2DEB /* DetailsViewController.swift */ = {isa = PBXFileReference; lastKnownFileType = sourcecode.swift; path = DetailsViewController.swift; sourceTree = "<group>"; };
		42CC6B40293A8B28007F2DEB /* ConversionHistory.swift */ = {isa = PBXFileReference; lastKnownFileType = sourcecode.swift; path = ConversionHistory.swift; sourceTree = "<group>"; };
		42CC6B42293AEEDD007F2DEB /* Double+Extensions.swift */ = {isa = PBXFileReference; lastKnownFileType = sourcecode.swift; path = "Double+Extensions.swift"; sourceTree = "<group>"; };
		42CC6B44293B0838007F2DEB /* CurrencyRate.swift */ = {isa = PBXFileReference; lastKnownFileType = sourcecode.swift; path = CurrencyRate.swift; sourceTree = "<group>"; };
		42CC6B49293B7731007F2DEB /* ConversionHistoryTableViewCell.swift */ = {isa = PBXFileReference; lastKnownFileType = sourcecode.swift; path = ConversionHistoryTableViewCell.swift; sourceTree = "<group>"; };
		42E1DC9E293CC49F00A89D4E /* Date+Extensions.swift */ = {isa = PBXFileReference; lastKnownFileType = sourcecode.swift; path = "Date+Extensions.swift"; sourceTree = "<group>"; };
		42E1DCA9293D060200A89D4E /* Graphs.swift */ = {isa = PBXFileReference; lastKnownFileType = sourcecode.swift; path = Graphs.swift; sourceTree = "<group>"; };
		42E1DCAD293D06AE00A89D4E /* GraphModels.swift */ = {isa = PBXFileReference; lastKnownFileType = sourcecode.swift; path = GraphModels.swift; sourceTree = "<group>"; };
		42E1DCAF293D07E400A89D4E /* FixerAPINetworkable.swift */ = {isa = PBXFileReference; lastKnownFileType = sourcecode.swift; path = FixerAPINetworkable.swift; sourceTree = "<group>"; };
		42EFED9C293A147700D582D8 /* CurrencyApp.app */ = {isa = PBXFileReference; explicitFileType = wrapper.application; includeInIndex = 0; path = CurrencyApp.app; sourceTree = BUILT_PRODUCTS_DIR; };
		42EFED9F293A147700D582D8 /* AppDelegate.swift */ = {isa = PBXFileReference; lastKnownFileType = sourcecode.swift; path = AppDelegate.swift; sourceTree = "<group>"; };
		42EFEDA1293A147700D582D8 /* SceneDelegate.swift */ = {isa = PBXFileReference; lastKnownFileType = sourcecode.swift; path = SceneDelegate.swift; sourceTree = "<group>"; };
		42EFEDA3293A147700D582D8 /* HomePageViewController.swift */ = {isa = PBXFileReference; lastKnownFileType = sourcecode.swift; path = HomePageViewController.swift; sourceTree = "<group>"; };
		42EFEDA6293A147700D582D8 /* Base */ = {isa = PBXFileReference; lastKnownFileType = file.storyboard; name = Base; path = Base.lproj/Main.storyboard; sourceTree = "<group>"; };
		42EFEDA8293A147800D582D8 /* Assets.xcassets */ = {isa = PBXFileReference; lastKnownFileType = folder.assetcatalog; path = Assets.xcassets; sourceTree = "<group>"; };
		42EFEDAB293A147800D582D8 /* Base */ = {isa = PBXFileReference; lastKnownFileType = file.storyboard; name = Base; path = Base.lproj/LaunchScreen.storyboard; sourceTree = "<group>"; };
		42EFEDAD293A147800D582D8 /* Info.plist */ = {isa = PBXFileReference; lastKnownFileType = text.plist.xml; path = Info.plist; sourceTree = "<group>"; };
		42EFEDB4293A168600D582D8 /* HomePageViewModel.swift */ = {isa = PBXFileReference; lastKnownFileType = sourcecode.swift; path = HomePageViewModel.swift; sourceTree = "<group>"; };
		42EFEDBA293A1F3A00D582D8 /* NetworkMonitor.swift */ = {isa = PBXFileReference; lastKnownFileType = sourcecode.swift; path = NetworkMonitor.swift; sourceTree = "<group>"; };
		42EFEDBC293A2D4A00D582D8 /* NetworkFetcher.swift */ = {isa = PBXFileReference; lastKnownFileType = sourcecode.swift; path = NetworkFetcher.swift; sourceTree = "<group>"; };
		42EFEDC5293A743E00D582D8 /* CacheManager.swift */ = {isa = PBXFileReference; lastKnownFileType = sourcecode.swift; path = CacheManager.swift; sourceTree = "<group>"; };
/* End PBXFileReference section */

/* Begin PBXFrameworksBuildPhase section */
		42EFED99293A147700D582D8 /* Frameworks */ = {
			isa = PBXFrameworksBuildPhase;
			buildActionMask = 2147483647;
			files = (
				42E1DCA7293CD0E100A89D4E /* RxDataSources in Frameworks */,
				42E1DCA4293CCF7B00A89D4E /* RxSwift in Frameworks */,
				42E1DCA2293CCF7B00A89D4E /* RxCocoa in Frameworks */,
			);
			runOnlyForDeploymentPostprocessing = 0;
		};
/* End PBXFrameworksBuildPhase section */

/* Begin PBXGroup section */
		42CC6B35293A8059007F2DEB /* Extensions */ = {
			isa = PBXGroup;
			children = (
				42CC6B36293A8066007F2DEB /* UIViewController+Extensions.swift */,
				42CC6B42293AEEDD007F2DEB /* Double+Extensions.swift */,
				42E1DC9E293CC49F00A89D4E /* Date+Extensions.swift */,
			);
			path = Extensions;
			sourceTree = "<group>";
		};
		42CC6B38293A8664007F2DEB /* Models */ = {
			isa = PBXGroup;
			children = (
				42CC6B39293A8677007F2DEB /* AvailableCurrencies.swift */,
				42CC6B44293B0838007F2DEB /* CurrencyRate.swift */,
			);
			path = Models;
			sourceTree = "<group>";
		};
		42CC6B3B293A8730007F2DEB /* Details */ = {
			isa = PBXGroup;
			children = (
				42CC6B46293B76F0007F2DEB /* TableViewCells */,
				42CC6B3F293A8A37007F2DEB /* Models */,
				42CC6B3D293A8777007F2DEB /* DetailsViewController.swift */,
				4209BAAA293B7A39003943AE /* DetailsViewModel.swift */,
			);
			path = Details;
			sourceTree = "<group>";
		};
		42CC6B3C293A8738007F2DEB /* Screens */ = {
			isa = PBXGroup;
			children = (
				42CC6B3B293A8730007F2DEB /* Details */,
				42EFEDB3293A162A00D582D8 /* HomePage */,
			);
			path = Screens;
			sourceTree = "<group>";
		};
		42CC6B3F293A8A37007F2DEB /* Models */ = {
			isa = PBXGroup;
			children = (
				42CC6B40293A8B28007F2DEB /* ConversionHistory.swift */,
			);
			path = Models;
			sourceTree = "<group>";
		};
		42CC6B46293B76F0007F2DEB /* TableViewCells */ = {
			isa = PBXGroup;
			children = (
				42CC6B49293B7731007F2DEB /* ConversionHistoryTableViewCell.swift */,
			);
			path = TableViewCells;
			sourceTree = "<group>";
		};
		42E1DCA8293D05DE00A89D4E /* Utilities */ = {
			isa = PBXGroup;
			children = (
				42E1DCAB293D068C00A89D4E /* Graphs */,
			);
			path = Utilities;
			sourceTree = "<group>";
		};
		42E1DCAB293D068C00A89D4E /* Graphs */ = {
			isa = PBXGroup;
			children = (
				42E1DCAC293D06A000A89D4E /* Models */,
				42E1DCA9293D060200A89D4E /* Graphs.swift */,
			);
			path = Graphs;
			sourceTree = "<group>";
		};
		42E1DCAC293D06A000A89D4E /* Models */ = {
			isa = PBXGroup;
			children = (
				42E1DCAD293D06AE00A89D4E /* GraphModels.swift */,
			);
			path = Models;
			sourceTree = "<group>";
		};
		42E1DCB1293D084A00A89D4E /* Networking */ = {
			isa = PBXGroup;
			children = (
				42E1DCAF293D07E400A89D4E /* FixerAPINetworkable.swift */,
			);
			path = Networking;
			sourceTree = "<group>";
		};
		42EFED93293A147700D582D8 = {
			isa = PBXGroup;
			children = (
				42EFED9E293A147700D582D8 /* CurrencyApp */,
				42EFED9D293A147700D582D8 /* Products */,
			);
			sourceTree = "<group>";
		};
		42EFED9D293A147700D582D8 /* Products */ = {
			isa = PBXGroup;
			children = (
				42EFED9C293A147700D582D8 /* CurrencyApp.app */,
			);
			name = Products;
			sourceTree = "<group>";
		};
		42EFED9E293A147700D582D8 /* CurrencyApp */ = {
			isa = PBXGroup;
			children = (
				42E1DCB1293D084A00A89D4E /* Networking */,
				42E1DCA8293D05DE00A89D4E /* Utilities */,
				42CC6B3C293A8738007F2DEB /* Screens */,
				42CC6B35293A8059007F2DEB /* Extensions */,
				42EFEDB9293A1F2100D582D8 /* Helpers */,
				42EFED9F293A147700D582D8 /* AppDelegate.swift */,
				42EFEDA1293A147700D582D8 /* SceneDelegate.swift */,
				42EFEDA5293A147700D582D8 /* Main.storyboard */,
				42EFEDA8293A147800D582D8 /* Assets.xcassets */,
				42EFEDAA293A147800D582D8 /* LaunchScreen.storyboard */,
				42EFEDAD293A147800D582D8 /* Info.plist */,
			);
			path = CurrencyApp;
			sourceTree = "<group>";
		};
		42EFEDB3293A162A00D582D8 /* HomePage */ = {
			isa = PBXGroup;
			children = (
				42CC6B38293A8664007F2DEB /* Models */,
				42EFEDA3293A147700D582D8 /* HomePageViewController.swift */,
				42EFEDB4293A168600D582D8 /* HomePageViewModel.swift */,
			);
			path = HomePage;
			sourceTree = "<group>";
		};
		42EFEDB9293A1F2100D582D8 /* Helpers */ = {
			isa = PBXGroup;
			children = (
				42EFEDBA293A1F3A00D582D8 /* NetworkMonitor.swift */,
				42EFEDBC293A2D4A00D582D8 /* NetworkFetcher.swift */,
				42EFEDC5293A743E00D582D8 /* CacheManager.swift */,
			);
			path = Helpers;
			sourceTree = "<group>";
		};
/* End PBXGroup section */

/* Begin PBXNativeTarget section */
		42EFED9B293A147700D582D8 /* CurrencyApp */ = {
			isa = PBXNativeTarget;
			buildConfigurationList = 42EFEDB0293A147800D582D8 /* Build configuration list for PBXNativeTarget "CurrencyApp" */;
			buildPhases = (
				42EFED98293A147700D582D8 /* Sources */,
				42EFED99293A147700D582D8 /* Frameworks */,
				42EFED9A293A147700D582D8 /* Resources */,
			);
			buildRules = (
			);
			dependencies = (
			);
			name = CurrencyApp;
			packageProductDependencies = (
				42E1DCA1293CCF7B00A89D4E /* RxCocoa */,
				42E1DCA3293CCF7B00A89D4E /* RxSwift */,
				42E1DCA6293CD0E100A89D4E /* RxDataSources */,
			);
			productName = CurrencyApp;
			productReference = 42EFED9C293A147700D582D8 /* CurrencyApp.app */;
			productType = "com.apple.product-type.application";
		};
/* End PBXNativeTarget section */

/* Begin PBXProject section */
		42EFED94293A147700D582D8 /* Project object */ = {
			isa = PBXProject;
			attributes = {
				BuildIndependentTargetsInParallel = 1;
				LastSwiftUpdateCheck = 1410;
				LastUpgradeCheck = 1410;
				TargetAttributes = {
					42EFED9B293A147700D582D8 = {
						CreatedOnToolsVersion = 14.1;
					};
				};
			};
			buildConfigurationList = 42EFED97293A147700D582D8 /* Build configuration list for PBXProject "CurrencyApp" */;
			compatibilityVersion = "Xcode 14.0";
			developmentRegion = en;
			hasScannedForEncodings = 0;
			knownRegions = (
				en,
				Base,
			);
			mainGroup = 42EFED93293A147700D582D8;
			packageReferences = (
				42E1DCA0293CCF7B00A89D4E /* XCRemoteSwiftPackageReference "RxSwift" */,
				42E1DCA5293CD0E100A89D4E /* XCRemoteSwiftPackageReference "RxDataSources" */,
			);
			productRefGroup = 42EFED9D293A147700D582D8 /* Products */;
			projectDirPath = "";
			projectRoot = "";
			targets = (
				42EFED9B293A147700D582D8 /* CurrencyApp */,
			);
		};
/* End PBXProject section */

/* Begin PBXResourcesBuildPhase section */
		42EFED9A293A147700D582D8 /* Resources */ = {
			isa = PBXResourcesBuildPhase;
			buildActionMask = 2147483647;
			files = (
				42EFEDAC293A147800D582D8 /* LaunchScreen.storyboard in Resources */,
				42EFEDA9293A147800D582D8 /* Assets.xcassets in Resources */,
				42EFEDA7293A147700D582D8 /* Main.storyboard in Resources */,
			);
			runOnlyForDeploymentPostprocessing = 0;
		};
/* End PBXResourcesBuildPhase section */

/* Begin PBXSourcesBuildPhase section */
		42EFED98293A147700D582D8 /* Sources */ = {
			isa = PBXSourcesBuildPhase;
			buildActionMask = 2147483647;
			files = (
				42CC6B43293AEEDD007F2DEB /* Double+Extensions.swift in Sources */,
				42EFEDB5293A168600D582D8 /* HomePageViewModel.swift in Sources */,
				4209BAAB293B7A39003943AE /* DetailsViewModel.swift in Sources */,
				42EFEDA4293A147700D582D8 /* HomePageViewController.swift in Sources */,
				42CC6B41293A8B28007F2DEB /* ConversionHistory.swift in Sources */,
				42CC6B45293B0838007F2DEB /* CurrencyRate.swift in Sources */,
				42EFEDBB293A1F3A00D582D8 /* NetworkMonitor.swift in Sources */,
				42E1DCAA293D060200A89D4E /* Graphs.swift in Sources */,
				42CC6B3A293A8677007F2DEB /* AvailableCurrencies.swift in Sources */,
				42EFEDA0293A147700D582D8 /* AppDelegate.swift in Sources */,
				42E1DC9F293CC49F00A89D4E /* Date+Extensions.swift in Sources */,
				42EFEDBD293A2D4A00D582D8 /* NetworkFetcher.swift in Sources */,
				42EFEDA2293A147700D582D8 /* SceneDelegate.swift in Sources */,
				42CC6B37293A8066007F2DEB /* UIViewController+Extensions.swift in Sources */,
				42EFEDC6293A743E00D582D8 /* CacheManager.swift in Sources */,
				42E1DCB0293D07E400A89D4E /* FixerAPINetworkable.swift in Sources */,
				42CC6B4A293B7731007F2DEB /* ConversionHistoryTableViewCell.swift in Sources */,
				42E1DCAE293D06AE00A89D4E /* GraphModels.swift in Sources */,
				42CC6B3E293A8777007F2DEB /* DetailsViewController.swift in Sources */,
			);
			runOnlyForDeploymentPostprocessing = 0;
		};
/* End PBXSourcesBuildPhase section */

/* Begin PBXVariantGroup section */
		42EFEDA5293A147700D582D8 /* Main.storyboard */ = {
			isa = PBXVariantGroup;
			children = (
				42EFEDA6293A147700D582D8 /* Base */,
			);
			name = Main.storyboard;
			sourceTree = "<group>";
		};
		42EFEDAA293A147800D582D8 /* LaunchScreen.storyboard */ = {
			isa = PBXVariantGroup;
			children = (
				42EFEDAB293A147800D582D8 /* Base */,
			);
			name = LaunchScreen.storyboard;
			sourceTree = "<group>";
		};
/* End PBXVariantGroup section */

/* Begin XCBuildConfiguration section */
		42EFEDAE293A147800D582D8 /* Debug */ = {
			isa = XCBuildConfiguration;
			buildSettings = {
				ALWAYS_SEARCH_USER_PATHS = NO;
				CLANG_ANALYZER_NONNULL = YES;
				CLANG_ANALYZER_NUMBER_OBJECT_CONVERSION = YES_AGGRESSIVE;
				CLANG_CXX_LANGUAGE_STANDARD = "gnu++20";
				CLANG_ENABLE_MODULES = YES;
				CLANG_ENABLE_OBJC_ARC = YES;
				CLANG_ENABLE_OBJC_WEAK = YES;
				CLANG_WARN_BLOCK_CAPTURE_AUTORELEASING = YES;
				CLANG_WARN_BOOL_CONVERSION = YES;
				CLANG_WARN_COMMA = YES;
				CLANG_WARN_CONSTANT_CONVERSION = YES;
				CLANG_WARN_DEPRECATED_OBJC_IMPLEMENTATIONS = YES;
				CLANG_WARN_DIRECT_OBJC_ISA_USAGE = YES_ERROR;
				CLANG_WARN_DOCUMENTATION_COMMENTS = YES;
				CLANG_WARN_EMPTY_BODY = YES;
				CLANG_WARN_ENUM_CONVERSION = YES;
				CLANG_WARN_INFINITE_RECURSION = YES;
				CLANG_WARN_INT_CONVERSION = YES;
				CLANG_WARN_NON_LITERAL_NULL_CONVERSION = YES;
				CLANG_WARN_OBJC_IMPLICIT_RETAIN_SELF = YES;
				CLANG_WARN_OBJC_LITERAL_CONVERSION = YES;
				CLANG_WARN_OBJC_ROOT_CLASS = YES_ERROR;
				CLANG_WARN_QUOTED_INCLUDE_IN_FRAMEWORK_HEADER = YES;
				CLANG_WARN_RANGE_LOOP_ANALYSIS = YES;
				CLANG_WARN_STRICT_PROTOTYPES = YES;
				CLANG_WARN_SUSPICIOUS_MOVE = YES;
				CLANG_WARN_UNGUARDED_AVAILABILITY = YES_AGGRESSIVE;
				CLANG_WARN_UNREACHABLE_CODE = YES;
				CLANG_WARN__DUPLICATE_METHOD_MATCH = YES;
				COPY_PHASE_STRIP = NO;
				DEBUG_INFORMATION_FORMAT = dwarf;
				ENABLE_STRICT_OBJC_MSGSEND = YES;
				ENABLE_TESTABILITY = YES;
				GCC_C_LANGUAGE_STANDARD = gnu11;
				GCC_DYNAMIC_NO_PIC = NO;
				GCC_NO_COMMON_BLOCKS = YES;
				GCC_OPTIMIZATION_LEVEL = 0;
				GCC_PREPROCESSOR_DEFINITIONS = (
					"DEBUG=1",
					"$(inherited)",
				);
				GCC_WARN_64_TO_32_BIT_CONVERSION = YES;
				GCC_WARN_ABOUT_RETURN_TYPE = YES_ERROR;
				GCC_WARN_UNDECLARED_SELECTOR = YES;
				GCC_WARN_UNINITIALIZED_AUTOS = YES_AGGRESSIVE;
				GCC_WARN_UNUSED_FUNCTION = YES;
				GCC_WARN_UNUSED_VARIABLE = YES;
				IPHONEOS_DEPLOYMENT_TARGET = 15.0;
				MTL_ENABLE_DEBUG_INFO = INCLUDE_SOURCE;
				MTL_FAST_MATH = YES;
				ONLY_ACTIVE_ARCH = YES;
				SDKROOT = iphoneos;
				SWIFT_ACTIVE_COMPILATION_CONDITIONS = DEBUG;
				SWIFT_OPTIMIZATION_LEVEL = "-Onone";
			};
			name = Debug;
		};
		42EFEDAF293A147800D582D8 /* Release */ = {
			isa = XCBuildConfiguration;
			buildSettings = {
				ALWAYS_SEARCH_USER_PATHS = NO;
				CLANG_ANALYZER_NONNULL = YES;
				CLANG_ANALYZER_NUMBER_OBJECT_CONVERSION = YES_AGGRESSIVE;
				CLANG_CXX_LANGUAGE_STANDARD = "gnu++20";
				CLANG_ENABLE_MODULES = YES;
				CLANG_ENABLE_OBJC_ARC = YES;
				CLANG_ENABLE_OBJC_WEAK = YES;
				CLANG_WARN_BLOCK_CAPTURE_AUTORELEASING = YES;
				CLANG_WARN_BOOL_CONVERSION = YES;
				CLANG_WARN_COMMA = YES;
				CLANG_WARN_CONSTANT_CONVERSION = YES;
				CLANG_WARN_DEPRECATED_OBJC_IMPLEMENTATIONS = YES;
				CLANG_WARN_DIRECT_OBJC_ISA_USAGE = YES_ERROR;
				CLANG_WARN_DOCUMENTATION_COMMENTS = YES;
				CLANG_WARN_EMPTY_BODY = YES;
				CLANG_WARN_ENUM_CONVERSION = YES;
				CLANG_WARN_INFINITE_RECURSION = YES;
				CLANG_WARN_INT_CONVERSION = YES;
				CLANG_WARN_NON_LITERAL_NULL_CONVERSION = YES;
				CLANG_WARN_OBJC_IMPLICIT_RETAIN_SELF = YES;
				CLANG_WARN_OBJC_LITERAL_CONVERSION = YES;
				CLANG_WARN_OBJC_ROOT_CLASS = YES_ERROR;
				CLANG_WARN_QUOTED_INCLUDE_IN_FRAMEWORK_HEADER = YES;
				CLANG_WARN_RANGE_LOOP_ANALYSIS = YES;
				CLANG_WARN_STRICT_PROTOTYPES = YES;
				CLANG_WARN_SUSPICIOUS_MOVE = YES;
				CLANG_WARN_UNGUARDED_AVAILABILITY = YES_AGGRESSIVE;
				CLANG_WARN_UNREACHABLE_CODE = YES;
				CLANG_WARN__DUPLICATE_METHOD_MATCH = YES;
				COPY_PHASE_STRIP = NO;
				DEBUG_INFORMATION_FORMAT = "dwarf-with-dsym";
				ENABLE_NS_ASSERTIONS = NO;
				ENABLE_STRICT_OBJC_MSGSEND = YES;
				GCC_C_LANGUAGE_STANDARD = gnu11;
				GCC_NO_COMMON_BLOCKS = YES;
				GCC_WARN_64_TO_32_BIT_CONVERSION = YES;
				GCC_WARN_ABOUT_RETURN_TYPE = YES_ERROR;
				GCC_WARN_UNDECLARED_SELECTOR = YES;
				GCC_WARN_UNINITIALIZED_AUTOS = YES_AGGRESSIVE;
				GCC_WARN_UNUSED_FUNCTION = YES;
				GCC_WARN_UNUSED_VARIABLE = YES;
				IPHONEOS_DEPLOYMENT_TARGET = 15.0;
				MTL_ENABLE_DEBUG_INFO = NO;
				MTL_FAST_MATH = YES;
				SDKROOT = iphoneos;
				SWIFT_COMPILATION_MODE = wholemodule;
				SWIFT_OPTIMIZATION_LEVEL = "-O";
				VALIDATE_PRODUCT = YES;
			};
			name = Release;
		};
		42EFEDB1293A147800D582D8 /* Debug */ = {
			isa = XCBuildConfiguration;
			buildSettings = {
				ASSETCATALOG_COMPILER_APPICON_NAME = AppIcon;
				ASSETCATALOG_COMPILER_GLOBAL_ACCENT_COLOR_NAME = AccentColor;
				CODE_SIGN_STYLE = Automatic;
				CURRENT_PROJECT_VERSION = 1;
				DEVELOPMENT_TEAM = X5RX6K4S4V;
				GENERATE_INFOPLIST_FILE = YES;
				INFOPLIST_FILE = CurrencyApp/Info.plist;
				INFOPLIST_KEY_UIApplicationSupportsIndirectInputEvents = YES;
				INFOPLIST_KEY_UILaunchStoryboardName = LaunchScreen;
				INFOPLIST_KEY_UIMainStoryboardFile = Main;
				INFOPLIST_KEY_UISupportedInterfaceOrientations_iPad = "UIInterfaceOrientationPortrait UIInterfaceOrientationPortraitUpsideDown UIInterfaceOrientationLandscapeLeft UIInterfaceOrientationLandscapeRight";
				INFOPLIST_KEY_UISupportedInterfaceOrientations_iPhone = "UIInterfaceOrientationPortrait UIInterfaceOrientationLandscapeLeft UIInterfaceOrientationLandscapeRight";
				LD_RUNPATH_SEARCH_PATHS = (
					"$(inherited)",
					"@executable_path/Frameworks",
				);
				MARKETING_VERSION = 1.0;
				PRODUCT_BUNDLE_IDENTIFIER = com.akoum.CurrencyApp;
				PRODUCT_NAME = "$(TARGET_NAME)";
				SUPPORTED_PLATFORMS = "iphoneos iphonesimulator";
				SUPPORTS_MACCATALYST = NO;
				SUPPORTS_MAC_DESIGNED_FOR_IPHONE_IPAD = NO;
				SWIFT_EMIT_LOC_STRINGS = YES;
				SWIFT_VERSION = 5.0;
				TARGETED_DEVICE_FAMILY = 1;
			};
			name = Debug;
		};
		42EFEDB2293A147800D582D8 /* Release */ = {
			isa = XCBuildConfiguration;
			buildSettings = {
				ASSETCATALOG_COMPILER_APPICON_NAME = AppIcon;
				ASSETCATALOG_COMPILER_GLOBAL_ACCENT_COLOR_NAME = AccentColor;
				CODE_SIGN_STYLE = Automatic;
				CURRENT_PROJECT_VERSION = 1;
				DEVELOPMENT_TEAM = X5RX6K4S4V;
				GENERATE_INFOPLIST_FILE = YES;
				INFOPLIST_FILE = CurrencyApp/Info.plist;
				INFOPLIST_KEY_UIApplicationSupportsIndirectInputEvents = YES;
				INFOPLIST_KEY_UILaunchStoryboardName = LaunchScreen;
				INFOPLIST_KEY_UIMainStoryboardFile = Main;
				INFOPLIST_KEY_UISupportedInterfaceOrientations_iPad = "UIInterfaceOrientationPortrait UIInterfaceOrientationPortraitUpsideDown UIInterfaceOrientationLandscapeLeft UIInterfaceOrientationLandscapeRight";
				INFOPLIST_KEY_UISupportedInterfaceOrientations_iPhone = "UIInterfaceOrientationPortrait UIInterfaceOrientationLandscapeLeft UIInterfaceOrientationLandscapeRight";
				LD_RUNPATH_SEARCH_PATHS = (
					"$(inherited)",
					"@executable_path/Frameworks",
				);
				MARKETING_VERSION = 1.0;
				PRODUCT_BUNDLE_IDENTIFIER = com.akoum.CurrencyApp;
				PRODUCT_NAME = "$(TARGET_NAME)";
				SUPPORTED_PLATFORMS = "iphoneos iphonesimulator";
				SUPPORTS_MACCATALYST = NO;
				SUPPORTS_MAC_DESIGNED_FOR_IPHONE_IPAD = NO;
				SWIFT_EMIT_LOC_STRINGS = YES;
				SWIFT_VERSION = 5.0;
				TARGETED_DEVICE_FAMILY = 1;
			};
			name = Release;
		};
/* End XCBuildConfiguration section */

/* Begin XCConfigurationList section */
		42EFED97293A147700D582D8 /* Build configuration list for PBXProject "CurrencyApp" */ = {
			isa = XCConfigurationList;
			buildConfigurations = (
				42EFEDAE293A147800D582D8 /* Debug */,
				42EFEDAF293A147800D582D8 /* Release */,
			);
			defaultConfigurationIsVisible = 0;
			defaultConfigurationName = Release;
		};
		42EFEDB0293A147800D582D8 /* Build configuration list for PBXNativeTarget "CurrencyApp" */ = {
			isa = XCConfigurationList;
			buildConfigurations = (
				42EFEDB1293A147800D582D8 /* Debug */,
				42EFEDB2293A147800D582D8 /* Release */,
			);
			defaultConfigurationIsVisible = 0;
			defaultConfigurationName = Release;
		};
/* End XCConfigurationList section */

/* Begin XCRemoteSwiftPackageReference section */
		42E1DCA0293CCF7B00A89D4E /* XCRemoteSwiftPackageReference "RxSwift" */ = {
			isa = XCRemoteSwiftPackageReference;
			repositoryURL = "https://github.com/ReactiveX/RxSwift";
			requirement = {
				kind = upToNextMajorVersion;
				minimumVersion = 6.0.0;
			};
		};
		42E1DCA5293CD0E100A89D4E /* XCRemoteSwiftPackageReference "RxDataSources" */ = {
			isa = XCRemoteSwiftPackageReference;
			repositoryURL = "https://github.com/RxSwiftCommunity/RxDataSources";
			requirement = {
				kind = upToNextMajorVersion;
				minimumVersion = 5.0.0;
			};
		};
/* End XCRemoteSwiftPackageReference section */

/* Begin XCSwiftPackageProductDependency section */
		42E1DCA1293CCF7B00A89D4E /* RxCocoa */ = {
			isa = XCSwiftPackageProductDependency;
			package = 42E1DCA0293CCF7B00A89D4E /* XCRemoteSwiftPackageReference "RxSwift" */;
			productName = RxCocoa;
		};
		42E1DCA3293CCF7B00A89D4E /* RxSwift */ = {
			isa = XCSwiftPackageProductDependency;
			package = 42E1DCA0293CCF7B00A89D4E /* XCRemoteSwiftPackageReference "RxSwift" */;
			productName = RxSwift;
		};
		42E1DCA6293CD0E100A89D4E /* RxDataSources */ = {
			isa = XCSwiftPackageProductDependency;
			package = 42E1DCA5293CD0E100A89D4E /* XCRemoteSwiftPackageReference "RxDataSources" */;
			productName = RxDataSources;
		};
/* End XCSwiftPackageProductDependency section */
	};
	rootObject = 42EFED94293A147700D582D8 /* Project object */;
}
